
Microsoft Visual Studio Solution File, Format Version 12.00
# Visual Studio Version 17
VisualStudioVersion = 17.11.35303.130
MinimumVisualStudioVersion = 10.0.40219.1
Project("{FAE04EC0-301F-11D3-BF4B-00C04F79EFBC}") = "EjerciciosC#", "EjerciciosC#.csproj", "{C26F79B2-C5CE-4F47-B714-AF32BF730F4F}"
EndProject
Global
	GlobalSection(SolutionConfigurationPlatforms) = preSolution
		Debug|Any CPU = Debug|Any CPU
		Release|Any CPU = Release|Any CPU
	EndGlobalSection
	GlobalSection(ProjectConfigurationPlatforms) = postSolution
		{C26F79B2-C5CE-4F47-B714-AF32BF730F4F}.Debug|Any CPU.ActiveCfg = Debug|Any CPU
		{C26F79B2-C5CE-4F47-B714-AF32BF730F4F}.Debug|Any CPU.Build.0 = Debug|Any CPU
		{C26F79B2-C5CE-4F47-B714-AF32BF730F4F}.Release|Any CPU.ActiveCfg = Release|Any CPU
		{C26F79B2-C5CE-4F47-B714-AF32BF730F4F}.Release|Any CPU.Build.0 = Release|Any CPU
	EndGlobalSection
	GlobalSection(SolutionProperties) = preSolution
		HideSolutionNode = FALSE
	EndGlobalSection
	GlobalSection(ExtensibilityGlobals) = postSolution
		SolutionGuid = {7BA51A99-3587-4B98-954C-09091F11D1EE}
	EndGlobalSection
EndGlobal
