
Microsoft Visual Studio Solution File, Format Version 12.00
# Visual Studio Version 17
VisualStudioVersion = 17.11.35303.130
MinimumVisualStudioVersion = 10.0.40219.1
Project("{FAE04EC0-301F-11D3-BF4B-00C04F79EFBC}") = "Sukaton", "Sukaton.csproj", "{606F4F01-5C25-4832-B24C-ACD4C43D79B1}"
EndProject
Global
	GlobalSection(SolutionConfigurationPlatforms) = preSolution
		Debug|Any CPU = Debug|Any CPU
		Release|Any CPU = Release|Any CPU
	EndGlobalSection
	GlobalSection(ProjectConfigurationPlatforms) = postSolution
		{606F4F01-5C25-4832-B24C-ACD4C43D79B1}.Debug|Any CPU.ActiveCfg = Debug|Any CPU
		{606F4F01-5C25-4832-B24C-ACD4C43D79B1}.Debug|Any CPU.Build.0 = Debug|Any CPU
		{606F4F01-5C25-4832-B24C-ACD4C43D79B1}.Release|Any CPU.ActiveCfg = Release|Any CPU
		{606F4F01-5C25-4832-B24C-ACD4C43D79B1}.Release|Any CPU.Build.0 = Release|Any CPU
	EndGlobalSection
	GlobalSection(SolutionProperties) = preSolution
		HideSolutionNode = FALSE
	EndGlobalSection
	GlobalSection(ExtensibilityGlobals) = postSolution
		SolutionGuid = {1DF0252E-9B2F-49B4-A0C1-00C8F183BE77}
	EndGlobalSection
EndGlobal
